
Microsoft Visual Studio Solution File, Format Version 12.00
# Visual Studio 15
VisualStudioVersion = 15.0.26430.14
MinimumVisualStudioVersion = 10.0.40219.1
Project("{FAE04EC0-301F-11D3-BF4B-00C04F79EFBC}") = "RS.Web", "RS.Web\RS.Web.csproj", "{5D9E68A8-DC95-471A-8086-A6A904D466E4}"
EndProject
Project("{FAE04EC0-301F-11D3-BF4B-00C04F79EFBC}") = "RS.Web.Tests", "RS.Web.Tests\RS.Web.Tests.csproj", "{1279B72E-49BA-4996-B0A2-885159D0D232}"
EndProject
Project("{FAE04EC0-301F-11D3-BF4B-00C04F79EFBC}") = "RS.Models", "RS.Models\RS.Models.csproj", "{C2295D1B-3BF8-448C-BEA1-F15510559CE0}"
EndProject
Project("{FAE04EC0-301F-11D3-BF4B-00C04F79EFBC}") = "RS.Data", "RS.Data\RS.Data.csproj", "{CAFD6F61-D02E-4873-91D4-B6ABCDD20744}"
EndProject
Global
	GlobalSection(SolutionConfigurationPlatforms) = preSolution
		Debug|Any CPU = Debug|Any CPU
		Release|Any CPU = Release|Any CPU
	EndGlobalSection
	GlobalSection(ProjectConfigurationPlatforms) = postSolution
		{5D9E68A8-DC95-471A-8086-A6A904D466E4}.Debug|Any CPU.ActiveCfg = Debug|Any CPU
		{5D9E68A8-DC95-471A-8086-A6A904D466E4}.Debug|Any CPU.Build.0 = Debug|Any CPU
		{5D9E68A8-DC95-471A-8086-A6A904D466E4}.Release|Any CPU.ActiveCfg = Release|Any CPU
		{5D9E68A8-DC95-471A-8086-A6A904D466E4}.Release|Any CPU.Build.0 = Release|Any CPU
		{1279B72E-49BA-4996-B0A2-885159D0D232}.Debug|Any CPU.ActiveCfg = Debug|Any CPU
		{1279B72E-49BA-4996-B0A2-885159D0D232}.Debug|Any CPU.Build.0 = Debug|Any CPU
		{1279B72E-49BA-4996-B0A2-885159D0D232}.Release|Any CPU.ActiveCfg = Release|Any CPU
		{1279B72E-49BA-4996-B0A2-885159D0D232}.Release|Any CPU.Build.0 = Release|Any CPU
		{C2295D1B-3BF8-448C-BEA1-F15510559CE0}.Debug|Any CPU.ActiveCfg = Debug|Any CPU
		{C2295D1B-3BF8-448C-BEA1-F15510559CE0}.Debug|Any CPU.Build.0 = Debug|Any CPU
		{C2295D1B-3BF8-448C-BEA1-F15510559CE0}.Release|Any CPU.ActiveCfg = Release|Any CPU
		{C2295D1B-3BF8-448C-BEA1-F15510559CE0}.Release|Any CPU.Build.0 = Release|Any CPU
		{CAFD6F61-D02E-4873-91D4-B6ABCDD20744}.Debug|Any CPU.ActiveCfg = Debug|Any CPU
		{CAFD6F61-D02E-4873-91D4-B6ABCDD20744}.Debug|Any CPU.Build.0 = Debug|Any CPU
		{CAFD6F61-D02E-4873-91D4-B6ABCDD20744}.Release|Any CPU.ActiveCfg = Release|Any CPU
		{CAFD6F61-D02E-4873-91D4-B6ABCDD20744}.Release|Any CPU.Build.0 = Release|Any CPU
	EndGlobalSection
	GlobalSection(SolutionProperties) = preSolution
		HideSolutionNode = FALSE
	EndGlobalSection
EndGlobal
